
Microsoft Visual Studio Solution File, Format Version 12.00
# Visual Studio 15
VisualStudioVersion = 15.0.28307.572
MinimumVisualStudioVersion = 10.0.40219.1
Project("{FAE04EC0-301F-11D3-BF4B-00C04F79EFBC}") = "Cockpit.Console", "Cockpit.Console\Cockpit.Console.csproj", "{D0368562-09D1-4E6E-8BD3-C1138764971E}"
EndProject
Project("{FAE04EC0-301F-11D3-BF4B-00C04F79EFBC}") = "Cockpit.Core.Contracts", "Cockpit.Core.Contracts\Cockpit.Core.Contracts.csproj", "{58285BD6-810D-4BBD-8249-230C3B0AC76F}"
EndProject
Project("{FAE04EC0-301F-11D3-BF4B-00C04F79EFBC}") = "Cockpit.Core", "Cockpit.Core\Cockpit.Core.csproj", "{BCF7160F-9CB9-46E5-91CA-EE15E1D5ED54}"
EndProject
Project("{FAE04EC0-301F-11D3-BF4B-00C04F79EFBC}") = "Cockpit.GUI", "Cockpit.GUI\Cockpit.GUI.csproj", "{EF29A2A3-A29C-4D9A-A8E2-A59925DEA82D}"
EndProject
Project("{2150E333-8FDC-42A3-9474-1A3956D46DE8}") = "Buildtools", "Buildtools", "{8C6C45A2-3D6D-46DE-B61A-6D37ED1F12E0}"
	ProjectSection(SolutionItems) = preProject
		BuildTools\build_installer.bat = BuildTools\build_installer.bat
		BuildTools\build_installer.xml = BuildTools\build_installer.xml
		BuildTools\build_output.xml = BuildTools\build_output.xml
		BuildTools\get_git_version.xml = BuildTools\get_git_version.xml
		BuildTools\License.rtf = BuildTools\License.rtf
		BuildTools\Main.wxs = BuildTools\Main.wxs
		README.md = README.md
		BuildTools\write_VersionInfo.xml = BuildTools\write_VersionInfo.xml
	EndProjectSection
EndProject
Project("{2150E333-8FDC-42A3-9474-1A3956D46DE8}") = ".nuget", ".nuget", "{40AC540E-1AFB-42B0-BAB7-9892CC66AC07}"
	ProjectSection(SolutionItems) = preProject
		.nuget\NuGet.Config = .nuget\NuGet.Config
		.nuget\NuGet.exe = .nuget\NuGet.exe
		.nuget\NuGet.targets = .nuget\NuGet.targets
	EndProjectSection
EndProject
Project("{FAE04EC0-301F-11D3-BF4B-00C04F79EFBC}") = "Cockpit.Core.Plugins", "Cockpit.Core.Plugins\Cockpit.Core.Plugins.csproj", "{10B49D6C-3DE3-49B2-8107-2C963E472FF7}"
	ProjectSection(ProjectDependencies) = postProject
		{BCF7160F-9CB9-46E5-91CA-EE15E1D5ED54} = {BCF7160F-9CB9-46E5-91CA-EE15E1D5ED54}
	EndProjectSection
EndProject
Project("{FAE04EC0-301F-11D3-BF4B-00C04F79EFBC}") = "Cockpit.RUN", "Cockpit.RUN\Cockpit.RUN.csproj", "{E452326E-5107-476B-A7A2-B4791EC9F537}"
EndProject
Project("{FAE04EC0-301F-11D3-BF4B-00C04F79EFBC}") = "Cockpit.RUN.Views", "Cockpit.RUN.Views\Cockpit.RUN.Views.csproj", "{9DADAAA8-238D-415E-907C-F6AF9AA289B2}"
EndProject
Project("{FAE04EC0-301F-11D3-BF4B-00C04F79EFBC}") = "Cockpit.RUN.ViewModels", "Cockpit.RUN.ViewModels\Cockpit.RUN.ViewModels.csproj", "{E4FD1FAB-58A9-4EBA-88D5-92243FD743FE}"
EndProject
Project("{FAE04EC0-301F-11D3-BF4B-00C04F79EFBC}") = "Cockpit.RUN.Test", "Cockpit.RUN.Test\Cockpit.RUN.Test.csproj", "{C33F805E-7DEA-4048-B7DE-54E8202E41AF}"
EndProject
Project("{FAE04EC0-301F-11D3-BF4B-00C04F79EFBC}") = "Cockpit.General.Properties.Views", "Cockpit.General.Properties.Views\Cockpit.General.Properties.Views.csproj", "{1323F4EB-7ED9-4D44-BCC8-DC3E6B4A9CED}"
EndProject
Project("{FAE04EC0-301F-11D3-BF4B-00C04F79EFBC}") = "Cockpit.General.Properties.ViewModels", "Cockpit.General.Properties.ViewModels\Cockpit.General.Properties.ViewModels.csproj", "{9104090E-AC24-458B-8B8E-EE7307BE3510}"
EndProject
Project("{FAE04EC0-301F-11D3-BF4B-00C04F79EFBC}") = "Cockpit.RUN.Common", "Cockpit.RUN.Common\Cockpit.RUN.Common.csproj", "{8278F85F-BF49-4B9D-BF49-E57946DF1487}"
EndProject
Project("{FAE04EC0-301F-11D3-BF4B-00C04F79EFBC}") = "Cockpit.Core.Common", "Cockpit.Core.Common\Cockpit.Core.Common.csproj", "{07EC4990-A61F-4F76-A555-75B1CB0C7182}"
EndProject
Global
	GlobalSection(SolutionConfigurationPlatforms) = preSolution
		Debug|Any CPU = Debug|Any CPU
		Debug|Mixed Platforms = Debug|Mixed Platforms
		Debug|x86 = Debug|x86
		Release|Any CPU = Release|Any CPU
		Release|Mixed Platforms = Release|Mixed Platforms
		Release|x86 = Release|x86
	EndGlobalSection
	GlobalSection(ProjectConfigurationPlatforms) = postSolution
		{D0368562-09D1-4E6E-8BD3-C1138764971E}.Debug|Any CPU.ActiveCfg = Debug|x86
		{D0368562-09D1-4E6E-8BD3-C1138764971E}.Debug|Mixed Platforms.ActiveCfg = Debug|x86
		{D0368562-09D1-4E6E-8BD3-C1138764971E}.Debug|Mixed Platforms.Build.0 = Debug|x86
		{D0368562-09D1-4E6E-8BD3-C1138764971E}.Debug|x86.ActiveCfg = Debug|x86
		{D0368562-09D1-4E6E-8BD3-C1138764971E}.Debug|x86.Build.0 = Debug|x86
		{D0368562-09D1-4E6E-8BD3-C1138764971E}.Release|Any CPU.ActiveCfg = Release|x86
		{D0368562-09D1-4E6E-8BD3-C1138764971E}.Release|Mixed Platforms.ActiveCfg = Release|x86
		{D0368562-09D1-4E6E-8BD3-C1138764971E}.Release|Mixed Platforms.Build.0 = Release|x86
		{D0368562-09D1-4E6E-8BD3-C1138764971E}.Release|x86.ActiveCfg = Release|x86
		{D0368562-09D1-4E6E-8BD3-C1138764971E}.Release|x86.Build.0 = Release|x86
		{58285BD6-810D-4BBD-8249-230C3B0AC76F}.Debug|Any CPU.ActiveCfg = Debug|Any CPU
		{58285BD6-810D-4BBD-8249-230C3B0AC76F}.Debug|Any CPU.Build.0 = Debug|Any CPU
		{58285BD6-810D-4BBD-8249-230C3B0AC76F}.Debug|Mixed Platforms.ActiveCfg = Debug|Any CPU
		{58285BD6-810D-4BBD-8249-230C3B0AC76F}.Debug|Mixed Platforms.Build.0 = Debug|Any CPU
		{58285BD6-810D-4BBD-8249-230C3B0AC76F}.Debug|x86.ActiveCfg = Debug|Any CPU
		{58285BD6-810D-4BBD-8249-230C3B0AC76F}.Release|Any CPU.ActiveCfg = Release|Any CPU
		{58285BD6-810D-4BBD-8249-230C3B0AC76F}.Release|Any CPU.Build.0 = Release|Any CPU
		{58285BD6-810D-4BBD-8249-230C3B0AC76F}.Release|Mixed Platforms.ActiveCfg = Release|Any CPU
		{58285BD6-810D-4BBD-8249-230C3B0AC76F}.Release|Mixed Platforms.Build.0 = Release|Any CPU
		{58285BD6-810D-4BBD-8249-230C3B0AC76F}.Release|x86.ActiveCfg = Release|Any CPU
		{BCF7160F-9CB9-46E5-91CA-EE15E1D5ED54}.Debug|Any CPU.ActiveCfg = Debug|Any CPU
		{BCF7160F-9CB9-46E5-91CA-EE15E1D5ED54}.Debug|Any CPU.Build.0 = Debug|Any CPU
		{BCF7160F-9CB9-46E5-91CA-EE15E1D5ED54}.Debug|Mixed Platforms.ActiveCfg = Debug|Any CPU
		{BCF7160F-9CB9-46E5-91CA-EE15E1D5ED54}.Debug|Mixed Platforms.Build.0 = Debug|Any CPU
		{BCF7160F-9CB9-46E5-91CA-EE15E1D5ED54}.Debug|x86.ActiveCfg = Debug|Any CPU
		{BCF7160F-9CB9-46E5-91CA-EE15E1D5ED54}.Release|Any CPU.ActiveCfg = Release|Any CPU
		{BCF7160F-9CB9-46E5-91CA-EE15E1D5ED54}.Release|Any CPU.Build.0 = Release|Any CPU
		{BCF7160F-9CB9-46E5-91CA-EE15E1D5ED54}.Release|Mixed Platforms.ActiveCfg = Release|Any CPU
		{BCF7160F-9CB9-46E5-91CA-EE15E1D5ED54}.Release|Mixed Platforms.Build.0 = Release|Any CPU
		{BCF7160F-9CB9-46E5-91CA-EE15E1D5ED54}.Release|x86.ActiveCfg = Release|Any CPU
		{EF29A2A3-A29C-4D9A-A8E2-A59925DEA82D}.Debug|Any CPU.ActiveCfg = Debug|x86
		{EF29A2A3-A29C-4D9A-A8E2-A59925DEA82D}.Debug|Mixed Platforms.ActiveCfg = Debug|x86
		{EF29A2A3-A29C-4D9A-A8E2-A59925DEA82D}.Debug|Mixed Platforms.Build.0 = Debug|x86
		{EF29A2A3-A29C-4D9A-A8E2-A59925DEA82D}.Debug|x86.ActiveCfg = Debug|x86
		{EF29A2A3-A29C-4D9A-A8E2-A59925DEA82D}.Debug|x86.Build.0 = Debug|x86
		{EF29A2A3-A29C-4D9A-A8E2-A59925DEA82D}.Release|Any CPU.ActiveCfg = Release|x86
		{EF29A2A3-A29C-4D9A-A8E2-A59925DEA82D}.Release|Mixed Platforms.ActiveCfg = Release|x86
		{EF29A2A3-A29C-4D9A-A8E2-A59925DEA82D}.Release|Mixed Platforms.Build.0 = Release|x86
		{EF29A2A3-A29C-4D9A-A8E2-A59925DEA82D}.Release|x86.ActiveCfg = Release|x86
		{EF29A2A3-A29C-4D9A-A8E2-A59925DEA82D}.Release|x86.Build.0 = Release|x86
		{10B49D6C-3DE3-49B2-8107-2C963E472FF7}.Debug|Any CPU.ActiveCfg = Debug|Any CPU
		{10B49D6C-3DE3-49B2-8107-2C963E472FF7}.Debug|Any CPU.Build.0 = Debug|Any CPU
		{10B49D6C-3DE3-49B2-8107-2C963E472FF7}.Debug|Mixed Platforms.ActiveCfg = Debug|Any CPU
		{10B49D6C-3DE3-49B2-8107-2C963E472FF7}.Debug|Mixed Platforms.Build.0 = Debug|Any CPU
		{10B49D6C-3DE3-49B2-8107-2C963E472FF7}.Debug|x86.ActiveCfg = Debug|Any CPU
		{10B49D6C-3DE3-49B2-8107-2C963E472FF7}.Debug|x86.Build.0 = Debug|Any CPU
		{10B49D6C-3DE3-49B2-8107-2C963E472FF7}.Release|Any CPU.ActiveCfg = Release|Any CPU
		{10B49D6C-3DE3-49B2-8107-2C963E472FF7}.Release|Any CPU.Build.0 = Release|Any CPU
		{10B49D6C-3DE3-49B2-8107-2C963E472FF7}.Release|Mixed Platforms.ActiveCfg = Release|Any CPU
		{10B49D6C-3DE3-49B2-8107-2C963E472FF7}.Release|Mixed Platforms.Build.0 = Release|Any CPU
		{10B49D6C-3DE3-49B2-8107-2C963E472FF7}.Release|x86.ActiveCfg = Release|Any CPU
		{10B49D6C-3DE3-49B2-8107-2C963E472FF7}.Release|x86.Build.0 = Release|Any CPU
		{E452326E-5107-476B-A7A2-B4791EC9F537}.Debug|Any CPU.ActiveCfg = Debug|Any CPU
		{E452326E-5107-476B-A7A2-B4791EC9F537}.Debug|Any CPU.Build.0 = Debug|Any CPU
		{E452326E-5107-476B-A7A2-B4791EC9F537}.Debug|Mixed Platforms.ActiveCfg = Debug|Any CPU
		{E452326E-5107-476B-A7A2-B4791EC9F537}.Debug|Mixed Platforms.Build.0 = Debug|Any CPU
		{E452326E-5107-476B-A7A2-B4791EC9F537}.Debug|x86.ActiveCfg = Debug|Any CPU
		{E452326E-5107-476B-A7A2-B4791EC9F537}.Debug|x86.Build.0 = Debug|Any CPU
		{E452326E-5107-476B-A7A2-B4791EC9F537}.Release|Any CPU.ActiveCfg = Release|Any CPU
		{E452326E-5107-476B-A7A2-B4791EC9F537}.Release|Any CPU.Build.0 = Release|Any CPU
		{E452326E-5107-476B-A7A2-B4791EC9F537}.Release|Mixed Platforms.ActiveCfg = Release|Any CPU
		{E452326E-5107-476B-A7A2-B4791EC9F537}.Release|Mixed Platforms.Build.0 = Release|Any CPU
		{E452326E-5107-476B-A7A2-B4791EC9F537}.Release|x86.ActiveCfg = Release|Any CPU
		{E452326E-5107-476B-A7A2-B4791EC9F537}.Release|x86.Build.0 = Release|Any CPU
		{9DADAAA8-238D-415E-907C-F6AF9AA289B2}.Debug|Any CPU.ActiveCfg = Debug|Any CPU
		{9DADAAA8-238D-415E-907C-F6AF9AA289B2}.Debug|Any CPU.Build.0 = Debug|Any CPU
		{9DADAAA8-238D-415E-907C-F6AF9AA289B2}.Debug|Mixed Platforms.ActiveCfg = Debug|Any CPU
		{9DADAAA8-238D-415E-907C-F6AF9AA289B2}.Debug|Mixed Platforms.Build.0 = Debug|Any CPU
		{9DADAAA8-238D-415E-907C-F6AF9AA289B2}.Debug|x86.ActiveCfg = Debug|Any CPU
		{9DADAAA8-238D-415E-907C-F6AF9AA289B2}.Debug|x86.Build.0 = Debug|Any CPU
		{9DADAAA8-238D-415E-907C-F6AF9AA289B2}.Release|Any CPU.ActiveCfg = Release|Any CPU
		{9DADAAA8-238D-415E-907C-F6AF9AA289B2}.Release|Any CPU.Build.0 = Release|Any CPU
		{9DADAAA8-238D-415E-907C-F6AF9AA289B2}.Release|Mixed Platforms.ActiveCfg = Release|Any CPU
		{9DADAAA8-238D-415E-907C-F6AF9AA289B2}.Release|Mixed Platforms.Build.0 = Release|Any CPU
		{9DADAAA8-238D-415E-907C-F6AF9AA289B2}.Release|x86.ActiveCfg = Release|Any CPU
		{9DADAAA8-238D-415E-907C-F6AF9AA289B2}.Release|x86.Build.0 = Release|Any CPU
		{E4FD1FAB-58A9-4EBA-88D5-92243FD743FE}.Debug|Any CPU.ActiveCfg = Debug|Any CPU
		{E4FD1FAB-58A9-4EBA-88D5-92243FD743FE}.Debug|Any CPU.Build.0 = Debug|Any CPU
		{E4FD1FAB-58A9-4EBA-88D5-92243FD743FE}.Debug|Mixed Platforms.ActiveCfg = Debug|Any CPU
		{E4FD1FAB-58A9-4EBA-88D5-92243FD743FE}.Debug|Mixed Platforms.Build.0 = Debug|Any CPU
		{E4FD1FAB-58A9-4EBA-88D5-92243FD743FE}.Debug|x86.ActiveCfg = Debug|Any CPU
		{E4FD1FAB-58A9-4EBA-88D5-92243FD743FE}.Debug|x86.Build.0 = Debug|Any CPU
		{E4FD1FAB-58A9-4EBA-88D5-92243FD743FE}.Release|Any CPU.ActiveCfg = Release|Any CPU
		{E4FD1FAB-58A9-4EBA-88D5-92243FD743FE}.Release|Any CPU.Build.0 = Release|Any CPU
		{E4FD1FAB-58A9-4EBA-88D5-92243FD743FE}.Release|Mixed Platforms.ActiveCfg = Release|Any CPU
		{E4FD1FAB-58A9-4EBA-88D5-92243FD743FE}.Release|Mixed Platforms.Build.0 = Release|Any CPU
		{E4FD1FAB-58A9-4EBA-88D5-92243FD743FE}.Release|x86.ActiveCfg = Release|Any CPU
		{E4FD1FAB-58A9-4EBA-88D5-92243FD743FE}.Release|x86.Build.0 = Release|Any CPU
		{C33F805E-7DEA-4048-B7DE-54E8202E41AF}.Debug|Any CPU.ActiveCfg = Debug|Any CPU
		{C33F805E-7DEA-4048-B7DE-54E8202E41AF}.Debug|Any CPU.Build.0 = Debug|Any CPU
		{C33F805E-7DEA-4048-B7DE-54E8202E41AF}.Debug|Mixed Platforms.ActiveCfg = Debug|Any CPU
		{C33F805E-7DEA-4048-B7DE-54E8202E41AF}.Debug|Mixed Platforms.Build.0 = Debug|Any CPU
		{C33F805E-7DEA-4048-B7DE-54E8202E41AF}.Debug|x86.ActiveCfg = Debug|Any CPU
		{C33F805E-7DEA-4048-B7DE-54E8202E41AF}.Debug|x86.Build.0 = Debug|Any CPU
		{C33F805E-7DEA-4048-B7DE-54E8202E41AF}.Release|Any CPU.ActiveCfg = Release|Any CPU
		{C33F805E-7DEA-4048-B7DE-54E8202E41AF}.Release|Any CPU.Build.0 = Release|Any CPU
		{C33F805E-7DEA-4048-B7DE-54E8202E41AF}.Release|Mixed Platforms.ActiveCfg = Release|Any CPU
		{C33F805E-7DEA-4048-B7DE-54E8202E41AF}.Release|Mixed Platforms.Build.0 = Release|Any CPU
		{C33F805E-7DEA-4048-B7DE-54E8202E41AF}.Release|x86.ActiveCfg = Release|Any CPU
		{C33F805E-7DEA-4048-B7DE-54E8202E41AF}.Release|x86.Build.0 = Release|Any CPU
		{1323F4EB-7ED9-4D44-BCC8-DC3E6B4A9CED}.Debug|Any CPU.ActiveCfg = Debug|Any CPU
		{1323F4EB-7ED9-4D44-BCC8-DC3E6B4A9CED}.Debug|Any CPU.Build.0 = Debug|Any CPU
		{1323F4EB-7ED9-4D44-BCC8-DC3E6B4A9CED}.Debug|Mixed Platforms.ActiveCfg = Debug|Any CPU
		{1323F4EB-7ED9-4D44-BCC8-DC3E6B4A9CED}.Debug|Mixed Platforms.Build.0 = Debug|Any CPU
		{1323F4EB-7ED9-4D44-BCC8-DC3E6B4A9CED}.Debug|x86.ActiveCfg = Debug|Any CPU
		{1323F4EB-7ED9-4D44-BCC8-DC3E6B4A9CED}.Debug|x86.Build.0 = Debug|Any CPU
		{1323F4EB-7ED9-4D44-BCC8-DC3E6B4A9CED}.Release|Any CPU.ActiveCfg = Release|Any CPU
		{1323F4EB-7ED9-4D44-BCC8-DC3E6B4A9CED}.Release|Any CPU.Build.0 = Release|Any CPU
		{1323F4EB-7ED9-4D44-BCC8-DC3E6B4A9CED}.Release|Mixed Platforms.ActiveCfg = Release|Any CPU
		{1323F4EB-7ED9-4D44-BCC8-DC3E6B4A9CED}.Release|Mixed Platforms.Build.0 = Release|Any CPU
		{1323F4EB-7ED9-4D44-BCC8-DC3E6B4A9CED}.Release|x86.ActiveCfg = Release|Any CPU
		{1323F4EB-7ED9-4D44-BCC8-DC3E6B4A9CED}.Release|x86.Build.0 = Release|Any CPU
		{9104090E-AC24-458B-8B8E-EE7307BE3510}.Debug|Any CPU.ActiveCfg = Debug|Any CPU
		{9104090E-AC24-458B-8B8E-EE7307BE3510}.Debug|Any CPU.Build.0 = Debug|Any CPU
		{9104090E-AC24-458B-8B8E-EE7307BE3510}.Debug|Mixed Platforms.ActiveCfg = Debug|Any CPU
		{9104090E-AC24-458B-8B8E-EE7307BE3510}.Debug|Mixed Platforms.Build.0 = Debug|Any CPU
		{9104090E-AC24-458B-8B8E-EE7307BE3510}.Debug|x86.ActiveCfg = Debug|Any CPU
		{9104090E-AC24-458B-8B8E-EE7307BE3510}.Debug|x86.Build.0 = Debug|Any CPU
		{9104090E-AC24-458B-8B8E-EE7307BE3510}.Release|Any CPU.ActiveCfg = Release|Any CPU
		{9104090E-AC24-458B-8B8E-EE7307BE3510}.Release|Any CPU.Build.0 = Release|Any CPU
		{9104090E-AC24-458B-8B8E-EE7307BE3510}.Release|Mixed Platforms.ActiveCfg = Release|Any CPU
		{9104090E-AC24-458B-8B8E-EE7307BE3510}.Release|Mixed Platforms.Build.0 = Release|Any CPU
		{9104090E-AC24-458B-8B8E-EE7307BE3510}.Release|x86.ActiveCfg = Release|Any CPU
		{9104090E-AC24-458B-8B8E-EE7307BE3510}.Release|x86.Build.0 = Release|Any CPU
		{8278F85F-BF49-4B9D-BF49-E57946DF1487}.Debug|Any CPU.ActiveCfg = Debug|Any CPU
		{8278F85F-BF49-4B9D-BF49-E57946DF1487}.Debug|Any CPU.Build.0 = Debug|Any CPU
		{8278F85F-BF49-4B9D-BF49-E57946DF1487}.Debug|Mixed Platforms.ActiveCfg = Debug|Any CPU
		{8278F85F-BF49-4B9D-BF49-E57946DF1487}.Debug|Mixed Platforms.Build.0 = Debug|Any CPU
		{8278F85F-BF49-4B9D-BF49-E57946DF1487}.Debug|x86.ActiveCfg = Debug|Any CPU
		{8278F85F-BF49-4B9D-BF49-E57946DF1487}.Debug|x86.Build.0 = Debug|Any CPU
		{8278F85F-BF49-4B9D-BF49-E57946DF1487}.Release|Any CPU.ActiveCfg = Release|Any CPU
		{8278F85F-BF49-4B9D-BF49-E57946DF1487}.Release|Any CPU.Build.0 = Release|Any CPU
		{8278F85F-BF49-4B9D-BF49-E57946DF1487}.Release|Mixed Platforms.ActiveCfg = Release|Any CPU
		{8278F85F-BF49-4B9D-BF49-E57946DF1487}.Release|Mixed Platforms.Build.0 = Release|Any CPU
		{8278F85F-BF49-4B9D-BF49-E57946DF1487}.Release|x86.ActiveCfg = Release|Any CPU
		{8278F85F-BF49-4B9D-BF49-E57946DF1487}.Release|x86.Build.0 = Release|Any CPU
		{07EC4990-A61F-4F76-A555-75B1CB0C7182}.Debug|Any CPU.ActiveCfg = Debug|Any CPU
		{07EC4990-A61F-4F76-A555-75B1CB0C7182}.Debug|Any CPU.Build.0 = Debug|Any CPU
		{07EC4990-A61F-4F76-A555-75B1CB0C7182}.Debug|Mixed Platforms.ActiveCfg = Debug|Any CPU
		{07EC4990-A61F-4F76-A555-75B1CB0C7182}.Debug|Mixed Platforms.Build.0 = Debug|Any CPU
		{07EC4990-A61F-4F76-A555-75B1CB0C7182}.Debug|x86.ActiveCfg = Debug|Any CPU
		{07EC4990-A61F-4F76-A555-75B1CB0C7182}.Debug|x86.Build.0 = Debug|Any CPU
		{07EC4990-A61F-4F76-A555-75B1CB0C7182}.Release|Any CPU.ActiveCfg = Release|Any CPU
		{07EC4990-A61F-4F76-A555-75B1CB0C7182}.Release|Any CPU.Build.0 = Release|Any CPU
		{07EC4990-A61F-4F76-A555-75B1CB0C7182}.Release|Mixed Platforms.ActiveCfg = Release|Any CPU
		{07EC4990-A61F-4F76-A555-75B1CB0C7182}.Release|Mixed Platforms.Build.0 = Release|Any CPU
		{07EC4990-A61F-4F76-A555-75B1CB0C7182}.Release|x86.ActiveCfg = Release|Any CPU
		{07EC4990-A61F-4F76-A555-75B1CB0C7182}.Release|x86.Build.0 = Release|Any CPU
	EndGlobalSection
	GlobalSection(SolutionProperties) = preSolution
		HideSolutionNode = FALSE
	EndGlobalSection
	GlobalSection(ExtensibilityGlobals) = postSolution
		SolutionGuid = {42A0C11D-819C-45FD-83F7-44FA64CB2D83}
	EndGlobalSection
	GlobalSection(TestCaseManagementSettings) = postSolution
		CategoryFile = Cockpit.vsmdi
	EndGlobalSection
EndGlobal
